
Microsoft Visual Studio Solution File, Format Version 12.00
# Visual Studio Version 17
VisualStudioVersion = 17.7.33927.210
MinimumVisualStudioVersion = 10.0.40219.1
Project("{FAE04EC0-301F-11D3-BF4B-00C04F79EFBC}") = "CSharpEgitimKampi301.BusinessLayer", "CSharpEgitimKampi301.BusinessLayer\CSharpEgitimKampi301.BusinessLayer.csproj", "{7CEA10DC-6A79-4FE4-AD9A-526ADC05A01D}"
EndProject
Project("{FAE04EC0-301F-11D3-BF4B-00C04F79EFBC}") = "CSharpEgitimKampi301.DataAccessLayer", "CSharpEgitimKampi301.DataAccessLayer\CSharpEgitimKampi301.DataAccessLayer.csproj", "{2DBE6D03-E732-4B0E-9AE0-7DCED1D12726}"
EndProject
Project("{FAE04EC0-301F-11D3-BF4B-00C04F79EFBC}") = "CSharpEgitimKampi301.EntityLayer", "CSharpEgitimKampi301.EntityLayer\CSharpEgitimKampi301.EntityLayer.csproj", "{6D2670F9-B8FC-4671-9191-BBF1C52E5C2B}"
EndProject
Project("{FAE04EC0-301F-11D3-BF4B-00C04F79EFBC}") = "CSharpEgitimKampi301.PresentationLayer", "CSharpEgitimKampi301.PresentationLayer\CSharpEgitimKampi301.PresentationLayer.csproj", "{6CEB885B-3392-45CA-9C96-4178D31FF820}"
EndProject
Global
	GlobalSection(SolutionConfigurationPlatforms) = preSolution
		Debug|Any CPU = Debug|Any CPU
		Release|Any CPU = Release|Any CPU
	EndGlobalSection
	GlobalSection(ProjectConfigurationPlatforms) = postSolution
		{7CEA10DC-6A79-4FE4-AD9A-526ADC05A01D}.Debug|Any CPU.ActiveCfg = Debug|Any CPU
		{7CEA10DC-6A79-4FE4-AD9A-526ADC05A01D}.Debug|Any CPU.Build.0 = Debug|Any CPU
		{7CEA10DC-6A79-4FE4-AD9A-526ADC05A01D}.Release|Any CPU.ActiveCfg = Release|Any CPU
		{7CEA10DC-6A79-4FE4-AD9A-526ADC05A01D}.Release|Any CPU.Build.0 = Release|Any CPU
		{2DBE6D03-E732-4B0E-9AE0-7DCED1D12726}.Debug|Any CPU.ActiveCfg = Debug|Any CPU
		{2DBE6D03-E732-4B0E-9AE0-7DCED1D12726}.Debug|Any CPU.Build.0 = Debug|Any CPU
		{2DBE6D03-E732-4B0E-9AE0-7DCED1D12726}.Release|Any CPU.ActiveCfg = Release|Any CPU
		{2DBE6D03-E732-4B0E-9AE0-7DCED1D12726}.Release|Any CPU.Build.0 = Release|Any CPU
		{6D2670F9-B8FC-4671-9191-BBF1C52E5C2B}.Debug|Any CPU.ActiveCfg = Debug|Any CPU
		{6D2670F9-B8FC-4671-9191-BBF1C52E5C2B}.Debug|Any CPU.Build.0 = Debug|Any CPU
		{6D2670F9-B8FC-4671-9191-BBF1C52E5C2B}.Release|Any CPU.ActiveCfg = Release|Any CPU
		{6D2670F9-B8FC-4671-9191-BBF1C52E5C2B}.Release|Any CPU.Build.0 = Release|Any CPU
		{6CEB885B-3392-45CA-9C96-4178D31FF820}.Debug|Any CPU.ActiveCfg = Debug|Any CPU
		{6CEB885B-3392-45CA-9C96-4178D31FF820}.Debug|Any CPU.Build.0 = Debug|Any CPU
		{6CEB885B-3392-45CA-9C96-4178D31FF820}.Release|Any CPU.ActiveCfg = Release|Any CPU
		{6CEB885B-3392-45CA-9C96-4178D31FF820}.Release|Any CPU.Build.0 = Release|Any CPU
	EndGlobalSection
	GlobalSection(SolutionProperties) = preSolution
		HideSolutionNode = FALSE
	EndGlobalSection
	GlobalSection(ExtensibilityGlobals) = postSolution
		SolutionGuid = {2DD71B31-23C7-4B2C-AF87-9EEC94D9D723}
	EndGlobalSection
EndGlobal
